
Microsoft Visual Studio Solution File, Format Version 12.00
# Visual Studio 15
VisualStudioVersion = 15.0.27130.2027
MinimumVisualStudioVersion = 10.0.40219.1
Project("{9A19103F-16F7-4668-BE54-9A1E7A4F7556}") = "theiacore", "theiacore\theiacore.csproj", "{38949BA5-C6F7-49EE-A93B-A46A451CD38E}"
EndProject
Project("{9A19103F-16F7-4668-BE54-9A1E7A4F7556}") = "TensorFlowSharp", "TensorFlowSharp\TensorFlowSharp.csproj", "{99FF71CF-DC52-4D38-968E-126263CDD751}"
EndProject
Global
	GlobalSection(SolutionConfigurationPlatforms) = preSolution
		Debug|Any CPU = Debug|Any CPU
		Release|Any CPU = Release|Any CPU
	EndGlobalSection
	GlobalSection(ProjectConfigurationPlatforms) = postSolution
		{38949BA5-C6F7-49EE-A93B-A46A451CD38E}.Debug|Any CPU.ActiveCfg = Debug|Any CPU
		{38949BA5-C6F7-49EE-A93B-A46A451CD38E}.Debug|Any CPU.Build.0 = Debug|Any CPU
		{38949BA5-C6F7-49EE-A93B-A46A451CD38E}.Release|Any CPU.ActiveCfg = Release|Any CPU
		{38949BA5-C6F7-49EE-A93B-A46A451CD38E}.Release|Any CPU.Build.0 = Release|Any CPU
		{99FF71CF-DC52-4D38-968E-126263CDD751}.Debug|Any CPU.ActiveCfg = Debug|Any CPU
		{99FF71CF-DC52-4D38-968E-126263CDD751}.Debug|Any CPU.Build.0 = Debug|Any CPU
		{99FF71CF-DC52-4D38-968E-126263CDD751}.Release|Any CPU.ActiveCfg = Release|Any CPU
		{99FF71CF-DC52-4D38-968E-126263CDD751}.Release|Any CPU.Build.0 = Release|Any CPU
	EndGlobalSection
	GlobalSection(SolutionProperties) = preSolution
		HideSolutionNode = FALSE
	EndGlobalSection
	GlobalSection(ExtensibilityGlobals) = postSolution
		SolutionGuid = {FBD73F7D-DBFE-46A9-A1B5-19933AE96D7A}
	EndGlobalSection
EndGlobal
